
Microsoft Visual Studio Solution File, Format Version 11.00
# Visual Studio 2010
Project("{FAE04EC0-301F-11D3-BF4B-00C04F79EFBC}") = "Assembly-CSharp", "Assembly-CSharp.csproj", "{20330017-5480-1623-4923-9ECDC417FDD7}"
EndProject
Project("{FAE04EC0-301F-11D3-BF4B-00C04F79EFBC}") = "IngameDebugConsole.Runtime", "IngameDebugConsole.Runtime.csproj", "{5920F155-945A-82FA-359A-92DB15943836}"
EndProject
Project("{FAE04EC0-301F-11D3-BF4B-00C04F79EFBC}") = "Tayx.Graphy", "Tayx.Graphy.csproj", "{2D718B4A-B283-ED7E-803C-6474FDC47950}"
EndProject
Project("{FAE04EC0-301F-11D3-BF4B-00C04F79EFBC}") = "PathCreator", "PathCreator.csproj", "{4B1B2BAA-07E4-5BDD-9FE2-37DEB81A62F1}"
EndProject
Project("{FAE04EC0-301F-11D3-BF4B-00C04F79EFBC}") = "Assembly-CSharp-firstpass", "Assembly-CSharp-firstpass.csproj", "{C5E9AD18-9AC0-4AC9-4D57-4A44FE8664B6}"
EndProject
Project("{FAE04EC0-301F-11D3-BF4B-00C04F79EFBC}") = "Assembly-CSharp-Editor", "Assembly-CSharp-Editor.csproj", "{E275C682-2AFC-1818-A437-EA3F46BCA7CD}"
EndProject
Project("{FAE04EC0-301F-11D3-BF4B-00C04F79EFBC}") = "Tayx.Graphy.Editor", "Tayx.Graphy.Editor.csproj", "{3759A10F-3BC0-EFD6-32C6-5BE0459BB417}"
EndProject
Project("{FAE04EC0-301F-11D3-BF4B-00C04F79EFBC}") = "PathCreatorEditor", "PathCreatorEditor.csproj", "{0729028C-8D7B-541C-5AB9-7B6CB7996E6E}"
EndProject
Project("{FAE04EC0-301F-11D3-BF4B-00C04F79EFBC}") = "IngameDebugConsole.Editor", "IngameDebugConsole.Editor.csproj", "{2E17E183-9E54-AE47-183E-125D908AD8E2}"
EndProject
Global
	GlobalSection(SolutionConfigurationPlatforms) = preSolution
		Debug|Any CPU = Debug|Any CPU
		Release|Any CPU = Release|Any CPU
	EndGlobalSection
	GlobalSection(ProjectConfigurationPlatforms) = postSolution
		{20330017-5480-1623-4923-9ECDC417FDD7}.Debug|Any CPU.ActiveCfg = Debug|Any CPU
		{20330017-5480-1623-4923-9ECDC417FDD7}.Debug|Any CPU.Build.0 = Debug|Any CPU
		{20330017-5480-1623-4923-9ECDC417FDD7}.Release|Any CPU.ActiveCfg = Release|Any CPU
		{20330017-5480-1623-4923-9ECDC417FDD7}.Release|Any CPU.Build.0 = Release|Any CPU
		{5920F155-945A-82FA-359A-92DB15943836}.Debug|Any CPU.ActiveCfg = Debug|Any CPU
		{5920F155-945A-82FA-359A-92DB15943836}.Debug|Any CPU.Build.0 = Debug|Any CPU
		{5920F155-945A-82FA-359A-92DB15943836}.Release|Any CPU.ActiveCfg = Release|Any CPU
		{5920F155-945A-82FA-359A-92DB15943836}.Release|Any CPU.Build.0 = Release|Any CPU
		{2D718B4A-B283-ED7E-803C-6474FDC47950}.Debug|Any CPU.ActiveCfg = Debug|Any CPU
		{2D718B4A-B283-ED7E-803C-6474FDC47950}.Debug|Any CPU.Build.0 = Debug|Any CPU
		{2D718B4A-B283-ED7E-803C-6474FDC47950}.Release|Any CPU.ActiveCfg = Release|Any CPU
		{2D718B4A-B283-ED7E-803C-6474FDC47950}.Release|Any CPU.Build.0 = Release|Any CPU
		{4B1B2BAA-07E4-5BDD-9FE2-37DEB81A62F1}.Debug|Any CPU.ActiveCfg = Debug|Any CPU
		{4B1B2BAA-07E4-5BDD-9FE2-37DEB81A62F1}.Debug|Any CPU.Build.0 = Debug|Any CPU
		{4B1B2BAA-07E4-5BDD-9FE2-37DEB81A62F1}.Release|Any CPU.ActiveCfg = Release|Any CPU
		{4B1B2BAA-07E4-5BDD-9FE2-37DEB81A62F1}.Release|Any CPU.Build.0 = Release|Any CPU
		{C5E9AD18-9AC0-4AC9-4D57-4A44FE8664B6}.Debug|Any CPU.ActiveCfg = Debug|Any CPU
		{C5E9AD18-9AC0-4AC9-4D57-4A44FE8664B6}.Debug|Any CPU.Build.0 = Debug|Any CPU
		{C5E9AD18-9AC0-4AC9-4D57-4A44FE8664B6}.Release|Any CPU.ActiveCfg = Release|Any CPU
		{C5E9AD18-9AC0-4AC9-4D57-4A44FE8664B6}.Release|Any CPU.Build.0 = Release|Any CPU
		{E275C682-2AFC-1818-A437-EA3F46BCA7CD}.Debug|Any CPU.ActiveCfg = Debug|Any CPU
		{E275C682-2AFC-1818-A437-EA3F46BCA7CD}.Debug|Any CPU.Build.0 = Debug|Any CPU
		{E275C682-2AFC-1818-A437-EA3F46BCA7CD}.Release|Any CPU.ActiveCfg = Release|Any CPU
		{E275C682-2AFC-1818-A437-EA3F46BCA7CD}.Release|Any CPU.Build.0 = Release|Any CPU
		{3759A10F-3BC0-EFD6-32C6-5BE0459BB417}.Debug|Any CPU.ActiveCfg = Debug|Any CPU
		{3759A10F-3BC0-EFD6-32C6-5BE0459BB417}.Debug|Any CPU.Build.0 = Debug|Any CPU
		{3759A10F-3BC0-EFD6-32C6-5BE0459BB417}.Release|Any CPU.ActiveCfg = Release|Any CPU
		{3759A10F-3BC0-EFD6-32C6-5BE0459BB417}.Release|Any CPU.Build.0 = Release|Any CPU
		{0729028C-8D7B-541C-5AB9-7B6CB7996E6E}.Debug|Any CPU.ActiveCfg = Debug|Any CPU
		{0729028C-8D7B-541C-5AB9-7B6CB7996E6E}.Debug|Any CPU.Build.0 = Debug|Any CPU
		{0729028C-8D7B-541C-5AB9-7B6CB7996E6E}.Release|Any CPU.ActiveCfg = Release|Any CPU
		{0729028C-8D7B-541C-5AB9-7B6CB7996E6E}.Release|Any CPU.Build.0 = Release|Any CPU
		{2E17E183-9E54-AE47-183E-125D908AD8E2}.Debug|Any CPU.ActiveCfg = Debug|Any CPU
		{2E17E183-9E54-AE47-183E-125D908AD8E2}.Debug|Any CPU.Build.0 = Debug|Any CPU
		{2E17E183-9E54-AE47-183E-125D908AD8E2}.Release|Any CPU.ActiveCfg = Release|Any CPU
		{2E17E183-9E54-AE47-183E-125D908AD8E2}.Release|Any CPU.Build.0 = Release|Any CPU
	EndGlobalSection
	GlobalSection(SolutionProperties) = preSolution
		HideSolutionNode = FALSE
	EndGlobalSection
EndGlobal
